
Microsoft Visual Studio Solution File, Format Version 12.00
# Visual Studio Version 17
VisualStudioVersion = 17.3.32929.385
MinimumVisualStudioVersion = 10.0.40219.1
Project("{9A19103F-16F7-4668-BE54-9A1E7A4F7556}") = "ExtremeParse.Site.Server", "TryParse\ExtremeParse.Site.Server.csproj", "{8BCDFBA6-7FB0-4688-9EC5-A93A1DE218C1}"
EndProject
Project("{9A19103F-16F7-4668-BE54-9A1E7A4F7556}") = "ExtremeParse.Bot.Client", "ExtremeParse.Bot.Client\ExtremeParse.Bot.Client.csproj", "{84F10BF4-57E6-4026-BC72-7D0A777751E9}"
EndProject
Global
	GlobalSection(SolutionConfigurationPlatforms) = preSolution
		Debug|Any CPU = Debug|Any CPU
		Release|Any CPU = Release|Any CPU
	EndGlobalSection
	GlobalSection(ProjectConfigurationPlatforms) = postSolution
		{8BCDFBA6-7FB0-4688-9EC5-A93A1DE218C1}.Debug|Any CPU.ActiveCfg = Debug|Any CPU
		{8BCDFBA6-7FB0-4688-9EC5-A93A1DE218C1}.Debug|Any CPU.Build.0 = Debug|Any CPU
		{8BCDFBA6-7FB0-4688-9EC5-A93A1DE218C1}.Release|Any CPU.ActiveCfg = Release|Any CPU
		{8BCDFBA6-7FB0-4688-9EC5-A93A1DE218C1}.Release|Any CPU.Build.0 = Release|Any CPU
		{84F10BF4-57E6-4026-BC72-7D0A777751E9}.Debug|Any CPU.ActiveCfg = Debug|Any CPU
		{84F10BF4-57E6-4026-BC72-7D0A777751E9}.Debug|Any CPU.Build.0 = Debug|Any CPU
		{84F10BF4-57E6-4026-BC72-7D0A777751E9}.Release|Any CPU.ActiveCfg = Release|Any CPU
		{84F10BF4-57E6-4026-BC72-7D0A777751E9}.Release|Any CPU.Build.0 = Release|Any CPU
	EndGlobalSection
	GlobalSection(SolutionProperties) = preSolution
		HideSolutionNode = FALSE
	EndGlobalSection
	GlobalSection(ExtensibilityGlobals) = postSolution
		SolutionGuid = {42901FCC-AC8A-4403-8A39-4DFEA18F24F1}
	EndGlobalSection
EndGlobal
