
Microsoft Visual Studio Solution File, Format Version 12.00
# Visual Studio Version 17
VisualStudioVersion = 17.5.33209.295
MinimumVisualStudioVersion = 10.0.40219.1
Project("{9A19103F-16F7-4668-BE54-9A1E7A4F7556}") = "ExtremeParse.Site.Server", "ExtremeParse.Site.Server.csproj", "{7741AF3D-F54F-4801-9AB0-0C2F9EE95406}"
EndProject
Project("{9A19103F-16F7-4668-BE54-9A1E7A4F7556}") = "ExtremeParse.Bot.Client", "..\ExtremeParse.Bot.Client\ExtremeParse.Bot.Client.csproj", "{107CAE38-C6FD-4F03-A763-4B1543D6239C}"
EndProject
Global
	GlobalSection(SolutionConfigurationPlatforms) = preSolution
		Debug|Any CPU = Debug|Any CPU
		Release|Any CPU = Release|Any CPU
	EndGlobalSection
	GlobalSection(ProjectConfigurationPlatforms) = postSolution
		{7741AF3D-F54F-4801-9AB0-0C2F9EE95406}.Debug|Any CPU.ActiveCfg = Debug|Any CPU
		{7741AF3D-F54F-4801-9AB0-0C2F9EE95406}.Debug|Any CPU.Build.0 = Debug|Any CPU
		{7741AF3D-F54F-4801-9AB0-0C2F9EE95406}.Release|Any CPU.ActiveCfg = Release|Any CPU
		{7741AF3D-F54F-4801-9AB0-0C2F9EE95406}.Release|Any CPU.Build.0 = Release|Any CPU
		{107CAE38-C6FD-4F03-A763-4B1543D6239C}.Debug|Any CPU.ActiveCfg = Debug|Any CPU
		{107CAE38-C6FD-4F03-A763-4B1543D6239C}.Debug|Any CPU.Build.0 = Debug|Any CPU
		{107CAE38-C6FD-4F03-A763-4B1543D6239C}.Release|Any CPU.ActiveCfg = Release|Any CPU
		{107CAE38-C6FD-4F03-A763-4B1543D6239C}.Release|Any CPU.Build.0 = Release|Any CPU
	EndGlobalSection
	GlobalSection(SolutionProperties) = preSolution
		HideSolutionNode = FALSE
	EndGlobalSection
	GlobalSection(ExtensibilityGlobals) = postSolution
		SolutionGuid = {A4C55DA1-459C-4824-A6D9-FB4A666F36EF}
	EndGlobalSection
EndGlobal
